
Microsoft Visual Studio Solution File, Format Version 12.00
# Visual Studio Version 16
VisualStudioVersion = 16.0.31729.503
MinimumVisualStudioVersion = 10.0.40219.1
Project("{FAE04EC0-301F-11D3-BF4B-00C04F79EFBC}") = "FinalProject", "FinalProject.csproj", "{249B1758-7B16-4E99-B5D6-4CEC5E03FDD7}"
EndProject
Global
	GlobalSection(SolutionConfigurationPlatforms) = preSolution
		Debug|Any CPU = Debug|Any CPU
		Release|Any CPU = Release|Any CPU
	EndGlobalSection
	GlobalSection(ProjectConfigurationPlatforms) = postSolution
		{249B1758-7B16-4E99-B5D6-4CEC5E03FDD7}.Debug|Any CPU.ActiveCfg = Debug|Any CPU
		{249B1758-7B16-4E99-B5D6-4CEC5E03FDD7}.Debug|Any CPU.Build.0 = Debug|Any CPU
		{249B1758-7B16-4E99-B5D6-4CEC5E03FDD7}.Release|Any CPU.ActiveCfg = Release|Any CPU
		{249B1758-7B16-4E99-B5D6-4CEC5E03FDD7}.Release|Any CPU.Build.0 = Release|Any CPU
	EndGlobalSection
	GlobalSection(SolutionProperties) = preSolution
		HideSolutionNode = FALSE
	EndGlobalSection
	GlobalSection(ExtensibilityGlobals) = postSolution
		SolutionGuid = {EBDB90E5-D69B-4772-8D84-4028021FDD70}
	EndGlobalSection
EndGlobal
